Microsoft Visual Studio Solution File, Format Version 8.00
Project("{F184B08F-C81C-45F6-A57F-5ABD9991F28F}") = "YTUI", "UI\YTUI.vbproj", "{C369CADA-41EF-485A-A30B-29FEBCE7CEB7}"
EndProject
Project("{F184B08F-C81C-45F6-A57F-5ABD9991F28F}") = "YT", "DataObject\YT.vbproj", "{4EE2816F-071D-4ECA-920E-3919E4C278FA}"
EndProject
Global
	GlobalSection(SolutionConfiguration) = preSolution
		ConfigName.0 = Debug
		ConfigName.1 = Release
	EndGlobalSection
	GlobalSection(ProjectDependencies) = postSolution
	EndGlobalSection
	GlobalSection(ProjectConfiguration) = postSolution
		{4EE2816F-071D-4ECA-920E-3919E4C278FA}.Debug.ActiveCfg = Debug|.NET
		{4EE2816F-071D-4ECA-920E-3919E4C278FA}.Debug.Build.0 = Debug|.NET
		{4EE2816F-071D-4ECA-920E-3919E4C278FA}.Release.ActiveCfg = Release|.NET
		{4EE2816F-071D-4ECA-920E-3919E4C278FA}.Release.Build.0 = Release|.NET
		{C369CADA-41EF-485A-A30B-29FEBCE7CEB7}.Debug.ActiveCfg = Debug|.NET
		{C369CADA-41EF-485A-A30B-29FEBCE7CEB7}.Debug.Build.0 = Debug|.NET
		{C369CADA-41EF-485A-A30B-29FEBCE7CEB7}.Release.ActiveCfg = Release|.NET
		{C369CADA-41EF-485A-A30B-29FEBCE7CEB7}.Release.Build.0 = Release|.NET
	EndGlobalSection
	GlobalSection(ExtensibilityGlobals) = postSolution
	EndGlobalSection
	GlobalSection(ExtensibilityAddIns) = postSolution
	EndGlobalSection
EndGlobal